// !$*UTF8*$!
{
	archiveVersion = 1;
	classes = {
	};
	objectVersion = 56;
	objects = {

/* Begin PBXBuildFile section */
		1FA5D0A82937363C0001EB62 /* AppDelegate.swift in Sources */ = {isa = PBXBuildFile; fileRef = 1FA5D0A72937363C0001EB62 /* AppDelegate.swift */; };
		1FA5D0AA2937363C0001EB62 /* SceneDelegate.swift in Sources */ = {isa = PBXBuildFile; fileRef = 1FA5D0A92937363C0001EB62 /* SceneDelegate.swift */; };
		1FA5D0B12937363E0001EB62 /* Assets.xcassets in Resources */ = {isa = PBXBuildFile; fileRef = 1FA5D0B02937363E0001EB62 /* Assets.xcassets */; };
		1FA5D0B42937363E0001EB62 /* LaunchScreen.storyboard in Resources */ = {isa = PBXBuildFile; fileRef = 1FA5D0B22937363E0001EB62 /* LaunchScreen.storyboard */; };
		1FA5D0BC293736650001EB62 /* Task in Resources */ = {isa = PBXBuildFile; fileRef = 1FA5D0BB293736650001EB62 /* Task */; };
		1FA5D0C1293737BF0001EB62 /* TabBarConfigurator.swift in Sources */ = {isa = PBXBuildFile; fileRef = 1FA5D0C0293737BF0001EB62 /* TabBarConfigurator.swift */; };
		1FA5D0C3293737C90001EB62 /* TabBarModel.swift in Sources */ = {isa = PBXBuildFile; fileRef = 1FA5D0C2293737C90001EB62 /* TabBarModel.swift */; };
		1FA5D0CA29373D800001EB62 /* ExploreViewController.swift in Sources */ = {isa = PBXBuildFile; fileRef = 1FA5D0C929373D800001EB62 /* ExploreViewController.swift */; };
		1FA5D0CC29373D950001EB62 /* FavoriteViewController.swift in Sources */ = {isa = PBXBuildFile; fileRef = 1FA5D0CB29373D950001EB62 /* FavoriteViewController.swift */; };
		1FA5D0CE29373DA00001EB62 /* FeedViewController.swift in Sources */ = {isa = PBXBuildFile; fileRef = 1FA5D0CD29373DA00001EB62 /* FeedViewController.swift */; };
		1FA5D0D029373DAA0001EB62 /* ProfileViewController.swift in Sources */ = {isa = PBXBuildFile; fileRef = 1FA5D0CF29373DAA0001EB62 /* ProfileViewController.swift */; };
		1FA5D0D229373DB50001EB62 /* ReportViewController.swift in Sources */ = {isa = PBXBuildFile; fileRef = 1FA5D0D129373DB50001EB62 /* ReportViewController.swift */; };
		1FA5D0D529373DEB0001EB62 /* PlacesCardCollectionViewCell.swift in Sources */ = {isa = PBXBuildFile; fileRef = 1FA5D0D429373DEB0001EB62 /* PlacesCardCollectionViewCell.swift */; };
		1FA5D0D729373E0C0001EB62 /* RoutesCollectionViewCell.swift in Sources */ = {isa = PBXBuildFile; fileRef = 1FA5D0D629373E0C0001EB62 /* RoutesCollectionViewCell.swift */; };
		1FA5D0D929373E150001EB62 /* EventsCollectionViewCell.swift in Sources */ = {isa = PBXBuildFile; fileRef = 1FA5D0D829373E150001EB62 /* EventsCollectionViewCell.swift */; };
		1FA5D0DB29373E1E0001EB62 /* GarbagePointsCollectionViewCell.swift in Sources */ = {isa = PBXBuildFile; fileRef = 1FA5D0DA29373E1E0001EB62 /* GarbagePointsCollectionViewCell.swift */; };
		1FA5D0DE29373E680001EB62 /* TabView.swift in Sources */ = {isa = PBXBuildFile; fileRef = 1FA5D0DD29373E680001EB62 /* TabView.swift */; };
		1FA5D0E029373E740001EB62 /* ScrollableTabView.swift in Sources */ = {isa = PBXBuildFile; fileRef = 1FA5D0DF29373E740001EB62 /* ScrollableTabView.swift */; };
		1FA5D0E329373EEF0001EB62 /* FontKit.swift in Sources */ = {isa = PBXBuildFile; fileRef = 1FA5D0E229373EEF0001EB62 /* FontKit.swift */; };
		1FA5D0E529373F1C0001EB62 /* CardsData.swift in Sources */ = {isa = PBXBuildFile; fileRef = 1FA5D0E429373F1C0001EB62 /* CardsData.swift */; };
		1FACA98F2938E916009942C9 /* ExplorePagePresenter.swift in Sources */ = {isa = PBXBuildFile; fileRef = 1FACA9892938E916009942C9 /* ExplorePagePresenter.swift */; };
		1FACA9902938E916009942C9 /* ExplorePageRouter.swift in Sources */ = {isa = PBXBuildFile; fileRef = 1FACA98A2938E916009942C9 /* ExplorePageRouter.swift */; };
		1FACA9912938E916009942C9 /* ExplorePageViewController.swift in Sources */ = {isa = PBXBuildFile; fileRef = 1FACA98B2938E916009942C9 /* ExplorePageViewController.swift */; };
		1FACA9922938E916009942C9 /* ExplorePageProtocols.swift in Sources */ = {isa = PBXBuildFile; fileRef = 1FACA98C2938E916009942C9 /* ExplorePageProtocols.swift */; };
		1FACA9932938E916009942C9 /* ExplorePageInteractor.swift in Sources */ = {isa = PBXBuildFile; fileRef = 1FACA98D2938E916009942C9 /* ExplorePageInteractor.swift */; };
		1FACA9942938E916009942C9 /* ExplorePageContainer.swift in Sources */ = {isa = PBXBuildFile; fileRef = 1FACA98E2938E916009942C9 /* ExplorePageContainer.swift */; };
		1FACA99B2938E9D3009942C9 /* ExpContract.swift in Sources */ = {isa = PBXBuildFile; fileRef = 1FACA9962938E9D3009942C9 /* ExpContract.swift */; };
		1FACA99C2938E9D3009942C9 /* ExpPresenter.swift in Sources */ = {isa = PBXBuildFile; fileRef = 1FACA9972938E9D3009942C9 /* ExpPresenter.swift */; };
		1FACA99D2938E9D3009942C9 /* ExpRouter.swift in Sources */ = {isa = PBXBuildFile; fileRef = 1FACA9982938E9D3009942C9 /* ExpRouter.swift */; };
		1FACA99F2938E9D3009942C9 /* ExpInteractor.swift in Sources */ = {isa = PBXBuildFile; fileRef = 1FACA99A2938E9D3009942C9 /* ExpInteractor.swift */; };
/* End PBXBuildFile section */

/* Begin PBXFileReference section */
		1FA5D0A42937363C0001EB62 /* OTUS-GPB-VIPER-HW.app */ = {isa = PBXFileReference; explicitFileType = wrapper.application; includeInIndex = 0; path = "OTUS-GPB-VIPER-HW.app"; sourceTree = BUILT_PRODUCTS_DIR; };
		1FA5D0A72937363C0001EB62 /* AppDelegate.swift */ = {isa = PBXFileReference; lastKnownFileType = sourcecode.swift; path = AppDelegate.swift; sourceTree = "<group>"; };
		1FA5D0A92937363C0001EB62 /* SceneDelegate.swift */ = {isa = PBXFileReference; lastKnownFileType = sourcecode.swift; path = SceneDelegate.swift; sourceTree = "<group>"; };
		1FA5D0B02937363E0001EB62 /* Assets.xcassets */ = {isa = PBXFileReference; lastKnownFileType = folder.assetcatalog; path = Assets.xcassets; sourceTree = "<group>"; };
		1FA5D0B32937363E0001EB62 /* Base */ = {isa = PBXFileReference; lastKnownFileType = file.storyboard; name = Base; path = Base.lproj/LaunchScreen.storyboard; sourceTree = "<group>"; };
		1FA5D0B52937363E0001EB62 /* Info.plist */ = {isa = PBXFileReference; lastKnownFileType = text.plist.xml; path = Info.plist; sourceTree = "<group>"; };
		1FA5D0BB293736650001EB62 /* Task */ = {isa = PBXFileReference; lastKnownFileType = text; path = Task; sourceTree = "<group>"; };
		1FA5D0C0293737BF0001EB62 /* TabBarConfigurator.swift */ = {isa = PBXFileReference; lastKnownFileType = sourcecode.swift; path = TabBarConfigurator.swift; sourceTree = "<group>"; };
		1FA5D0C2293737C90001EB62 /* TabBarModel.swift */ = {isa = PBXFileReference; lastKnownFileType = sourcecode.swift; path = TabBarModel.swift; sourceTree = "<group>"; };
		1FA5D0C929373D800001EB62 /* ExploreViewController.swift */ = {isa = PBXFileReference; lastKnownFileType = sourcecode.swift; path = ExploreViewController.swift; sourceTree = "<group>"; };
		1FA5D0CB29373D950001EB62 /* FavoriteViewController.swift */ = {isa = PBXFileReference; lastKnownFileType = sourcecode.swift; path = FavoriteViewController.swift; sourceTree = "<group>"; };
		1FA5D0CD29373DA00001EB62 /* FeedViewController.swift */ = {isa = PBXFileReference; lastKnownFileType = sourcecode.swift; path = FeedViewController.swift; sourceTree = "<group>"; };
		1FA5D0CF29373DAA0001EB62 /* ProfileViewController.swift */ = {isa = PBXFileReference; lastKnownFileType = sourcecode.swift; path = ProfileViewController.swift; sourceTree = "<group>"; };
		1FA5D0D129373DB50001EB62 /* ReportViewController.swift */ = {isa = PBXFileReference; lastKnownFileType = sourcecode.swift; path = ReportViewController.swift; sourceTree = "<group>"; };
		1FA5D0D429373DEB0001EB62 /* PlacesCardCollectionViewCell.swift */ = {isa = PBXFileReference; lastKnownFileType = sourcecode.swift; path = PlacesCardCollectionViewCell.swift; sourceTree = "<group>"; };
		1FA5D0D629373E0C0001EB62 /* RoutesCollectionViewCell.swift */ = {isa = PBXFileReference; lastKnownFileType = sourcecode.swift; path = RoutesCollectionViewCell.swift; sourceTree = "<group>"; };
		1FA5D0D829373E150001EB62 /* EventsCollectionViewCell.swift */ = {isa = PBXFileReference; lastKnownFileType = sourcecode.swift; path = EventsCollectionViewCell.swift; sourceTree = "<group>"; };
		1FA5D0DA29373E1E0001EB62 /* GarbagePointsCollectionViewCell.swift */ = {isa = PBXFileReference; lastKnownFileType = sourcecode.swift; path = GarbagePointsCollectionViewCell.swift; sourceTree = "<group>"; };
		1FA5D0DD29373E680001EB62 /* TabView.swift */ = {isa = PBXFileReference; lastKnownFileType = sourcecode.swift; path = TabView.swift; sourceTree = "<group>"; };
		1FA5D0DF29373E740001EB62 /* ScrollableTabView.swift */ = {isa = PBXFileReference; lastKnownFileType = sourcecode.swift; path = ScrollableTabView.swift; sourceTree = "<group>"; };
		1FA5D0E229373EEF0001EB62 /* FontKit.swift */ = {isa = PBXFileReference; lastKnownFileType = sourcecode.swift; path = FontKit.swift; sourceTree = "<group>"; };
		1FA5D0E429373F1C0001EB62 /* CardsData.swift */ = {isa = PBXFileReference; lastKnownFileType = sourcecode.swift; path = CardsData.swift; sourceTree = "<group>"; };
		1FACA9892938E916009942C9 /* ExplorePagePresenter.swift */ = {isa = PBXFileReference; lastKnownFileType = sourcecode.swift; path = ExplorePagePresenter.swift; sourceTree = "<group>"; };
		1FACA98A2938E916009942C9 /* ExplorePageRouter.swift */ = {isa = PBXFileReference; lastKnownFileType = sourcecode.swift; path = ExplorePageRouter.swift; sourceTree = "<group>"; };
		1FACA98B2938E916009942C9 /* ExplorePageViewController.swift */ = {isa = PBXFileReference; lastKnownFileType = sourcecode.swift; path = ExplorePageViewController.swift; sourceTree = "<group>"; };
		1FACA98C2938E916009942C9 /* ExplorePageProtocols.swift */ = {isa = PBXFileReference; lastKnownFileType = sourcecode.swift; path = ExplorePageProtocols.swift; sourceTree = "<group>"; };
		1FACA98D2938E916009942C9 /* ExplorePageInteractor.swift */ = {isa = PBXFileReference; lastKnownFileType = sourcecode.swift; path = ExplorePageInteractor.swift; sourceTree = "<group>"; };
		1FACA98E2938E916009942C9 /* ExplorePageContainer.swift */ = {isa = PBXFileReference; lastKnownFileType = sourcecode.swift; path = ExplorePageContainer.swift; sourceTree = "<group>"; };
		1FACA9962938E9D3009942C9 /* ExpContract.swift */ = {isa = PBXFileReference; lastKnownFileType = sourcecode.swift; path = ExpContract.swift; sourceTree = "<group>"; };
		1FACA9972938E9D3009942C9 /* ExpPresenter.swift */ = {isa = PBXFileReference; lastKnownFileType = sourcecode.swift; path = ExpPresenter.swift; sourceTree = "<group>"; };
		1FACA9982938E9D3009942C9 /* ExpRouter.swift */ = {isa = PBXFileReference; lastKnownFileType = sourcecode.swift; path = ExpRouter.swift; sourceTree = "<group>"; };
		1FACA99A2938E9D3009942C9 /* ExpInteractor.swift */ = {isa = PBXFileReference; lastKnownFileType = sourcecode.swift; path = ExpInteractor.swift; sourceTree = "<group>"; };
/* End PBXFileReference section */

/* Begin PBXFrameworksBuildPhase section */
		1FA5D0A12937363C0001EB62 /* Frameworks */ = {
			isa = PBXFrameworksBuildPhase;
			buildActionMask = 2147483647;
			files = (
			);
			runOnlyForDeploymentPostprocessing = 0;
		};
/* End PBXFrameworksBuildPhase section */

/* Begin PBXGroup section */
		1FA5D09B2937363C0001EB62 = {
			isa = PBXGroup;
			children = (
				1FA5D0A62937363C0001EB62 /* OTUS-GPB-VIPER-HW */,
				1FA5D0A52937363C0001EB62 /* Products */,
			);
			sourceTree = "<group>";
		};
		1FA5D0A52937363C0001EB62 /* Products */ = {
			isa = PBXGroup;
			children = (
				1FA5D0A42937363C0001EB62 /* OTUS-GPB-VIPER-HW.app */,
			);
			name = Products;
			sourceTree = "<group>";
		};
		1FA5D0A62937363C0001EB62 /* OTUS-GPB-VIPER-HW */ = {
			isa = PBXGroup;
			children = (
				1FA5D0E129373EE50001EB62 /* Helper */,
				1FA5D0C829373D640001EB62 /* ReportModule */,
				1FA5D0C729373D5B0001EB62 /* ProfileModule */,
				1FA5D0C629373D4F0001EB62 /* FeedModule */,
				1FA5D0C529373D410001EB62 /* FavoriteModule */,
				1FA5D0C429373D1D0001EB62 /* MainModule */,
				1FA5D0BF293737990001EB62 /* TabBar */,
				1FA5D0BD2937375D0001EB62 /* Application */,
				1FA5D0BE2937376B0001EB62 /* Resources */,
			);
			path = "OTUS-GPB-VIPER-HW";
			sourceTree = "<group>";
		};
		1FA5D0BD2937375D0001EB62 /* Application */ = {
			isa = PBXGroup;
			children = (
				1FA5D0A72937363C0001EB62 /* AppDelegate.swift */,
				1FA5D0A92937363C0001EB62 /* SceneDelegate.swift */,
			);
			path = Application;
			sourceTree = "<group>";
		};
		1FA5D0BE2937376B0001EB62 /* Resources */ = {
			isa = PBXGroup;
			children = (
				1FA5D0B02937363E0001EB62 /* Assets.xcassets */,
				1FA5D0B22937363E0001EB62 /* LaunchScreen.storyboard */,
				1FA5D0B52937363E0001EB62 /* Info.plist */,
				1FA5D0BB293736650001EB62 /* Task */,
			);
			path = Resources;
			sourceTree = "<group>";
		};
		1FA5D0BF293737990001EB62 /* TabBar */ = {
			isa = PBXGroup;
			children = (
				1FA5D0C0293737BF0001EB62 /* TabBarConfigurator.swift */,
				1FA5D0C2293737C90001EB62 /* TabBarModel.swift */,
			);
			path = TabBar;
			sourceTree = "<group>";
		};
		1FA5D0C429373D1D0001EB62 /* MainModule */ = {
			isa = PBXGroup;
			children = (
				1FACA9952938E9BC009942C9 /* ExModule */,
				1FACA9882938E905009942C9 /* ExplorePageModule */,
				1FA5D0DC29373E590001EB62 /* HorizontalExploreMenu */,
				1FA5D0D329373DD90001EB62 /* ExploreCells */,
			);
			path = MainModule;
			sourceTree = "<group>";
		};
		1FA5D0C529373D410001EB62 /* FavoriteModule */ = {
			isa = PBXGroup;
			children = (
				1FA5D0CB29373D950001EB62 /* FavoriteViewController.swift */,
			);
			path = FavoriteModule;
			sourceTree = "<group>";
		};
		1FA5D0C629373D4F0001EB62 /* FeedModule */ = {
			isa = PBXGroup;
			children = (
				1FA5D0CD29373DA00001EB62 /* FeedViewController.swift */,
			);
			path = FeedModule;
			sourceTree = "<group>";
		};
		1FA5D0C729373D5B0001EB62 /* ProfileModule */ = {
			isa = PBXGroup;
			children = (
				1FA5D0CF29373DAA0001EB62 /* ProfileViewController.swift */,
			);
			path = ProfileModule;
			sourceTree = "<group>";
		};
		1FA5D0C829373D640001EB62 /* ReportModule */ = {
			isa = PBXGroup;
			children = (
				1FA5D0D129373DB50001EB62 /* ReportViewController.swift */,
			);
			path = ReportModule;
			sourceTree = "<group>";
		};
		1FA5D0D329373DD90001EB62 /* ExploreCells */ = {
			isa = PBXGroup;
			children = (
				1FA5D0D429373DEB0001EB62 /* PlacesCardCollectionViewCell.swift */,
				1FA5D0D629373E0C0001EB62 /* RoutesCollectionViewCell.swift */,
				1FA5D0D829373E150001EB62 /* EventsCollectionViewCell.swift */,
				1FA5D0DA29373E1E0001EB62 /* GarbagePointsCollectionViewCell.swift */,
			);
			path = ExploreCells;
			sourceTree = "<group>";
		};
		1FA5D0DC29373E590001EB62 /* HorizontalExploreMenu */ = {
			isa = PBXGroup;
			children = (
				1FA5D0DD29373E680001EB62 /* TabView.swift */,
				1FA5D0DF29373E740001EB62 /* ScrollableTabView.swift */,
			);
			path = HorizontalExploreMenu;
			sourceTree = "<group>";
		};
		1FA5D0E129373EE50001EB62 /* Helper */ = {
			isa = PBXGroup;
			children = (
				1FA5D0E229373EEF0001EB62 /* FontKit.swift */,
			);
			path = Helper;
			sourceTree = "<group>";
		};
		1FACA9882938E905009942C9 /* ExplorePageModule */ = {
			isa = PBXGroup;
			children = (
				1FACA9892938E916009942C9 /* ExplorePagePresenter.swift */,
				1FACA98A2938E916009942C9 /* ExplorePageRouter.swift */,
				1FACA98B2938E916009942C9 /* ExplorePageViewController.swift */,
				1FACA98C2938E916009942C9 /* ExplorePageProtocols.swift */,
				1FACA98D2938E916009942C9 /* ExplorePageInteractor.swift */,
				1FACA98E2938E916009942C9 /* ExplorePageContainer.swift */,
			);
			path = ExplorePageModule;
			sourceTree = "<group>";
		};
		1FACA9952938E9BC009942C9 /* ExModule */ = {
			isa = PBXGroup;
			children = (
				1FACA9962938E9D3009942C9 /* ExpContract.swift */,
				1FA5D0C929373D800001EB62 /* ExploreViewController.swift */,
				1FACA9972938E9D3009942C9 /* ExpPresenter.swift */,
				1FACA99A2938E9D3009942C9 /* ExpInteractor.swift */,
				1FACA9982938E9D3009942C9 /* ExpRouter.swift */,
				1FA5D0E429373F1C0001EB62 /* CardsData.swift */,
			);
			path = ExModule;
			sourceTree = "<group>";
		};
/* End PBXGroup section */

/* Begin PBXNativeTarget section */
		1FA5D0A32937363C0001EB62 /* OTUS-GPB-VIPER-HW */ = {
			isa = PBXNativeTarget;
			buildConfigurationList = 1FA5D0B82937363E0001EB62 /* Build configuration list for PBXNativeTarget "OTUS-GPB-VIPER-HW" */;
			buildPhases = (
				1FA5D0A02937363C0001EB62 /* Sources */,
				1FA5D0A12937363C0001EB62 /* Frameworks */,
				1FA5D0A22937363C0001EB62 /* Resources */,
			);
			buildRules = (
			);
			dependencies = (
			);
			name = "OTUS-GPB-VIPER-HW";
			productName = "OTUS-GPB-VIPER-HW";
			productReference = 1FA5D0A42937363C0001EB62 /* OTUS-GPB-VIPER-HW.app */;
			productType = "com.apple.product-type.application";
		};
/* End PBXNativeTarget section */

/* Begin PBXProject section */
		1FA5D09C2937363C0001EB62 /* Project object */ = {
			isa = PBXProject;
			attributes = {
				BuildIndependentTargetsInParallel = 1;
				LastSwiftUpdateCheck = 1400;
				LastUpgradeCheck = 1400;
				TargetAttributes = {
					1FA5D0A32937363C0001EB62 = {
						CreatedOnToolsVersion = 14.0.1;
					};
				};
			};
			buildConfigurationList = 1FA5D09F2937363C0001EB62 /* Build configuration list for PBXProject "OTUS-GPB-VIPER-HW" */;
			compatibilityVersion = "Xcode 14.0";
			developmentRegion = en;
			hasScannedForEncodings = 0;
			knownRegions = (
				en,
				Base,
			);
			mainGroup = 1FA5D09B2937363C0001EB62;
			productRefGroup = 1FA5D0A52937363C0001EB62 /* Products */;
			projectDirPath = "";
			projectRoot = "";
			targets = (
				1FA5D0A32937363C0001EB62 /* OTUS-GPB-VIPER-HW */,
			);
		};
/* End PBXProject section */

/* Begin PBXResourcesBuildPhase section */
		1FA5D0A22937363C0001EB62 /* Resources */ = {
			isa = PBXResourcesBuildPhase;
			buildActionMask = 2147483647;
			files = (
				1FA5D0B42937363E0001EB62 /* LaunchScreen.storyboard in Resources */,
				1FA5D0B12937363E0001EB62 /* Assets.xcassets in Resources */,
				1FA5D0BC293736650001EB62 /* Task in Resources */,
			);
			runOnlyForDeploymentPostprocessing = 0;
		};
/* End PBXResourcesBuildPhase section */

/* Begin PBXSourcesBuildPhase section */
		1FA5D0A02937363C0001EB62 /* Sources */ = {
			isa = PBXSourcesBuildPhase;
			buildActionMask = 2147483647;
			files = (
				1FA5D0DB29373E1E0001EB62 /* GarbagePointsCollectionViewCell.swift in Sources */,
				1FACA9932938E916009942C9 /* ExplorePageInteractor.swift in Sources */,
				1FA5D0A82937363C0001EB62 /* AppDelegate.swift in Sources */,
				1FACA99C2938E9D3009942C9 /* ExpPresenter.swift in Sources */,
				1FA5D0CA29373D800001EB62 /* ExploreViewController.swift in Sources */,
				1FA5D0CC29373D950001EB62 /* FavoriteViewController.swift in Sources */,
				1FA5D0C1293737BF0001EB62 /* TabBarConfigurator.swift in Sources */,
				1FACA9912938E916009942C9 /* ExplorePageViewController.swift in Sources */,
				1FA5D0D529373DEB0001EB62 /* PlacesCardCollectionViewCell.swift in Sources */,
				1FA5D0E029373E740001EB62 /* ScrollableTabView.swift in Sources */,
				1FACA9902938E916009942C9 /* ExplorePageRouter.swift in Sources */,
				1FACA98F2938E916009942C9 /* ExplorePagePresenter.swift in Sources */,
				1FA5D0E329373EEF0001EB62 /* FontKit.swift in Sources */,
				1FA5D0D729373E0C0001EB62 /* RoutesCollectionViewCell.swift in Sources */,
				1FA5D0AA2937363C0001EB62 /* SceneDelegate.swift in Sources */,
				1FA5D0D029373DAA0001EB62 /* ProfileViewController.swift in Sources */,
				1FACA99D2938E9D3009942C9 /* ExpRouter.swift in Sources */,
				1FA5D0DE29373E680001EB62 /* TabView.swift in Sources */,
				1FA5D0D929373E150001EB62 /* EventsCollectionViewCell.swift in Sources */,
				1FACA9922938E916009942C9 /* ExplorePageProtocols.swift in Sources */,
				1FA5D0CE29373DA00001EB62 /* FeedViewController.swift in Sources */,
				1FA5D0E529373F1C0001EB62 /* CardsData.swift in Sources */,
				1FA5D0D229373DB50001EB62 /* ReportViewController.swift in Sources */,
				1FA5D0C3293737C90001EB62 /* TabBarModel.swift in Sources */,
				1FACA9942938E916009942C9 /* ExplorePageContainer.swift in Sources */,
				1FACA99F2938E9D3009942C9 /* ExpInteractor.swift in Sources */,
				1FACA99B2938E9D3009942C9 /* ExpContract.swift in Sources */,
			);
			runOnlyForDeploymentPostprocessing = 0;
		};
/* End PBXSourcesBuildPhase section */

/* Begin PBXVariantGroup section */
		1FA5D0B22937363E0001EB62 /* LaunchScreen.storyboard */ = {
			isa = PBXVariantGroup;
			children = (
				1FA5D0B32937363E0001EB62 /* Base */,
			);
			name = LaunchScreen.storyboard;
			sourceTree = "<group>";
		};
/* End PBXVariantGroup section */

/* Begin XCBuildConfiguration section */
		1FA5D0B62937363E0001EB62 /* Debug */ = {
			isa = XCBuildConfiguration;
			buildSettings = {
				ALWAYS_SEARCH_USER_PATHS = NO;
				CLANG_ANALYZER_NONNULL = YES;
				CLANG_ANALYZER_NUMBER_OBJECT_CONVERSION = YES_AGGRESSIVE;
				CLANG_CXX_LANGUAGE_STANDARD = "gnu++20";
				CLANG_ENABLE_MODULES = YES;
				CLANG_ENABLE_OBJC_ARC = YES;
				CLANG_ENABLE_OBJC_WEAK = YES;
				CLANG_WARN_BLOCK_CAPTURE_AUTORELEASING = YES;
				CLANG_WARN_BOOL_CONVERSION = YES;
				CLANG_WARN_COMMA = YES;
				CLANG_WARN_CONSTANT_CONVERSION = YES;
				CLANG_WARN_DEPRECATED_OBJC_IMPLEMENTATIONS = YES;
				CLANG_WARN_DIRECT_OBJC_ISA_USAGE = YES_ERROR;
				CLANG_WARN_DOCUMENTATION_COMMENTS = YES;
				CLANG_WARN_EMPTY_BODY = YES;
				CLANG_WARN_ENUM_CONVERSION = YES;
				CLANG_WARN_INFINITE_RECURSION = YES;
				CLANG_WARN_INT_CONVERSION = YES;
				CLANG_WARN_NON_LITERAL_NULL_CONVERSION = YES;
				CLANG_WARN_OBJC_IMPLICIT_RETAIN_SELF = YES;
				CLANG_WARN_OBJC_LITERAL_CONVERSION = YES;
				CLANG_WARN_OBJC_ROOT_CLASS = YES_ERROR;
				CLANG_WARN_QUOTED_INCLUDE_IN_FRAMEWORK_HEADER = YES;
				CLANG_WARN_RANGE_LOOP_ANALYSIS = YES;
				CLANG_WARN_STRICT_PROTOTYPES = YES;
				CLANG_WARN_SUSPICIOUS_MOVE = YES;
				CLANG_WARN_UNGUARDED_AVAILABILITY = YES_AGGRESSIVE;
				CLANG_WARN_UNREACHABLE_CODE = YES;
				CLANG_WARN__DUPLICATE_METHOD_MATCH = YES;
				COPY_PHASE_STRIP = NO;
				DEBUG_INFORMATION_FORMAT = dwarf;
				ENABLE_STRICT_OBJC_MSGSEND = YES;
				ENABLE_TESTABILITY = YES;
				GCC_C_LANGUAGE_STANDARD = gnu11;
				GCC_DYNAMIC_NO_PIC = NO;
				GCC_NO_COMMON_BLOCKS = YES;
				GCC_OPTIMIZATION_LEVEL = 0;
				GCC_PREPROCESSOR_DEFINITIONS = (
					"DEBUG=1",
					"$(inherited)",
				);
				GCC_WARN_64_TO_32_BIT_CONVERSION = YES;
				GCC_WARN_ABOUT_RETURN_TYPE = YES_ERROR;
				GCC_WARN_UNDECLARED_SELECTOR = YES;
				GCC_WARN_UNINITIALIZED_AUTOS = YES_AGGRESSIVE;
				GCC_WARN_UNUSED_FUNCTION = YES;
				GCC_WARN_UNUSED_VARIABLE = YES;
				IPHONEOS_DEPLOYMENT_TARGET = 16.0;
				MTL_ENABLE_DEBUG_INFO = INCLUDE_SOURCE;
				MTL_FAST_MATH = YES;
				ONLY_ACTIVE_ARCH = YES;
				SDKROOT = iphoneos;
				SWIFT_ACTIVE_COMPILATION_CONDITIONS = DEBUG;
				SWIFT_OPTIMIZATION_LEVEL = "-Onone";
			};
			name = Debug;
		};
		1FA5D0B72937363E0001EB62 /* Release */ = {
			isa = XCBuildConfiguration;
			buildSettings = {
				ALWAYS_SEARCH_USER_PATHS = NO;
				CLANG_ANALYZER_NONNULL = YES;
				CLANG_ANALYZER_NUMBER_OBJECT_CONVERSION = YES_AGGRESSIVE;
				CLANG_CXX_LANGUAGE_STANDARD = "gnu++20";
				CLANG_ENABLE_MODULES = YES;
				CLANG_ENABLE_OBJC_ARC = YES;
				CLANG_ENABLE_OBJC_WEAK = YES;
				CLANG_WARN_BLOCK_CAPTURE_AUTORELEASING = YES;
				CLANG_WARN_BOOL_CONVERSION = YES;
				CLANG_WARN_COMMA = YES;
				CLANG_WARN_CONSTANT_CONVERSION = YES;
				CLANG_WARN_DEPRECATED_OBJC_IMPLEMENTATIONS = YES;
				CLANG_WARN_DIRECT_OBJC_ISA_USAGE = YES_ERROR;
				CLANG_WARN_DOCUMENTATION_COMMENTS = YES;
				CLANG_WARN_EMPTY_BODY = YES;
				CLANG_WARN_ENUM_CONVERSION = YES;
				CLANG_WARN_INFINITE_RECURSION = YES;
				CLANG_WARN_INT_CONVERSION = YES;
				CLANG_WARN_NON_LITERAL_NULL_CONVERSION = YES;
				CLANG_WARN_OBJC_IMPLICIT_RETAIN_SELF = YES;
				CLANG_WARN_OBJC_LITERAL_CONVERSION = YES;
				CLANG_WARN_OBJC_ROOT_CLASS = YES_ERROR;
				CLANG_WARN_QUOTED_INCLUDE_IN_FRAMEWORK_HEADER = YES;
				CLANG_WARN_RANGE_LOOP_ANALYSIS = YES;
				CLANG_WARN_STRICT_PROTOTYPES = YES;
				CLANG_WARN_SUSPICIOUS_MOVE = YES;
				CLANG_WARN_UNGUARDED_AVAILABILITY = YES_AGGRESSIVE;
				CLANG_WARN_UNREACHABLE_CODE = YES;
				CLANG_WARN__DUPLICATE_METHOD_MATCH = YES;
				COPY_PHASE_STRIP = NO;
				DEBUG_INFORMATION_FORMAT = "dwarf-with-dsym";
				ENABLE_NS_ASSERTIONS = NO;
				ENABLE_STRICT_OBJC_MSGSEND = YES;
				GCC_C_LANGUAGE_STANDARD = gnu11;
				GCC_NO_COMMON_BLOCKS = YES;
				GCC_WARN_64_TO_32_BIT_CONVERSION = YES;
				GCC_WARN_ABOUT_RETURN_TYPE = YES_ERROR;
				GCC_WARN_UNDECLARED_SELECTOR = YES;
				GCC_WARN_UNINITIALIZED_AUTOS = YES_AGGRESSIVE;
				GCC_WARN_UNUSED_FUNCTION = YES;
				GCC_WARN_UNUSED_VARIABLE = YES;
				IPHONEOS_DEPLOYMENT_TARGET = 16.0;
				MTL_ENABLE_DEBUG_INFO = NO;
				MTL_FAST_MATH = YES;
				SDKROOT = iphoneos;
				SWIFT_COMPILATION_MODE = wholemodule;
				SWIFT_OPTIMIZATION_LEVEL = "-O";
				VALIDATE_PRODUCT = YES;
			};
			name = Release;
		};
		1FA5D0B92937363E0001EB62 /* Debug */ = {
			isa = XCBuildConfiguration;
			buildSettings = {
				ASSETCATALOG_COMPILER_APPICON_NAME = AppIcon;
				ASSETCATALOG_COMPILER_GLOBAL_ACCENT_COLOR_NAME = AccentColor;
				CODE_SIGN_STYLE = Automatic;
				CURRENT_PROJECT_VERSION = 1;
				DEVELOPMENT_TEAM = 3335BGVMD7;
				GENERATE_INFOPLIST_FILE = YES;
				INFOPLIST_FILE = "OTUS-GPB-VIPER-HW/Resources/Info.plist";
				INFOPLIST_KEY_UIApplicationSupportsIndirectInputEvents = YES;
				INFOPLIST_KEY_UILaunchStoryboardName = LaunchScreen;
				INFOPLIST_KEY_UIMainStoryboardFile = "";
				INFOPLIST_KEY_UISupportedInterfaceOrientations_iPad = "UIInterfaceOrientationPortrait UIInterfaceOrientationPortraitUpsideDown UIInterfaceOrientationLandscapeLeft UIInterfaceOrientationLandscapeRight";
				INFOPLIST_KEY_UISupportedInterfaceOrientations_iPhone = "UIInterfaceOrientationPortrait UIInterfaceOrientationLandscapeLeft UIInterfaceOrientationLandscapeRight";
				LD_RUNPATH_SEARCH_PATHS = (
					"$(inherited)",
					"@executable_path/Frameworks",
				);
				MARKETING_VERSION = 1.0;
				PRODUCT_BUNDLE_IDENTIFIER = "chebuevara.OTUS-GPB-VIPER-HW";
				PRODUCT_NAME = "$(TARGET_NAME)";
				SWIFT_EMIT_LOC_STRINGS = YES;
				SWIFT_VERSION = 5.0;
				TARGETED_DEVICE_FAMILY = "1,2";
			};
			name = Debug;
		};
		1FA5D0BA2937363E0001EB62 /* Release */ = {
			isa = XCBuildConfiguration;
			buildSettings = {
				ASSETCATALOG_COMPILER_APPICON_NAME = AppIcon;
				ASSETCATALOG_COMPILER_GLOBAL_ACCENT_COLOR_NAME = AccentColor;
				CODE_SIGN_STYLE = Automatic;
				CURRENT_PROJECT_VERSION = 1;
				DEVELOPMENT_TEAM = 3335BGVMD7;
				GENERATE_INFOPLIST_FILE = YES;
				INFOPLIST_FILE = "OTUS-GPB-VIPER-HW/Resources/Info.plist";
				INFOPLIST_KEY_UIApplicationSupportsIndirectInputEvents = YES;
				INFOPLIST_KEY_UILaunchStoryboardName = LaunchScreen;
				INFOPLIST_KEY_UIMainStoryboardFile = "";
				INFOPLIST_KEY_UISupportedInterfaceOrientations_iPad = "UIInterfaceOrientationPortrait UIInterfaceOrientationPortraitUpsideDown UIInterfaceOrientationLandscapeLeft UIInterfaceOrientationLandscapeRight";
				INFOPLIST_KEY_UISupportedInterfaceOrientations_iPhone = "UIInterfaceOrientationPortrait UIInterfaceOrientationLandscapeLeft UIInterfaceOrientationLandscapeRight";
				LD_RUNPATH_SEARCH_PATHS = (
					"$(inherited)",
					"@executable_path/Frameworks",
				);
				MARKETING_VERSION = 1.0;
				PRODUCT_BUNDLE_IDENTIFIER = "chebuevara.OTUS-GPB-VIPER-HW";
				PRODUCT_NAME = "$(TARGET_NAME)";
				SWIFT_EMIT_LOC_STRINGS = YES;
				SWIFT_VERSION = 5.0;
				TARGETED_DEVICE_FAMILY = "1,2";
			};
			name = Release;
		};
/* End XCBuildConfiguration section */

/* Begin XCConfigurationList section */
		1FA5D09F2937363C0001EB62 /* Build configuration list for PBXProject "OTUS-GPB-VIPER-HW" */ = {
			isa = XCConfigurationList;
			buildConfigurations = (
				1FA5D0B62937363E0001EB62 /* Debug */,
				1FA5D0B72937363E0001EB62 /* Release */,
			);
			defaultConfigurationIsVisible = 0;
			defaultConfigurationName = Release;
		};
		1FA5D0B82937363E0001EB62 /* Build configuration list for PBXNativeTarget "OTUS-GPB-VIPER-HW" */ = {
			isa = XCConfigurationList;
			buildConfigurations = (
				1FA5D0B92937363E0001EB62 /* Debug */,
				1FA5D0BA2937363E0001EB62 /* Release */,
			);
			defaultConfigurationIsVisible = 0;
			defaultConfigurationName = Release;
		};
/* End XCConfigurationList section */
	};
	rootObject = 1FA5D09C2937363C0001EB62 /* Project object */;
}
